{
  "name": "secondnpm",
  "version": "1.0.0",
  "lockfileVersion": 1,
  "requires": true,
  "dependencies": {
    "dayjs": {
      "version": "1.8.20",
      "resolved": "https://registry.npm.taobao.org/dayjs/download/dayjs-1.8.20.tgz?cache=0&sync_timestamp=1580814120772&other_urls=https%3A%2F%2Fregistry.npm.taobao.org%2Fdayjs%2Fdownload%2Fdayjs-1.8.20.tgz",
      "integrity": "sha1-ckpctq0fb8BmsL2agA3tzHiG8Z4="
    },
    "fantools": {
      "version": "1.0.1",
      "resolved": "https://registry.npm.taobao.org/fantools/download/fantools-1.0.1.tgz",
      "integrity": "sha1-p562YcEczeWzlz2blR+wTWhL4+A="
    }
  }
}
